
Microsoft Visual Studio Solution File, Format Version 12.00
# Visual Studio 15
VisualStudioVersion = 15.0.28307.572
MinimumVisualStudioVersion = 10.0.40219.1
Project("{FAE04EC0-301F-11D3-BF4B-00C04F79EFBC}") = "Copasa.Atende.Bootstrapper", "Copasa.Atende.Bootstrapper\Copasa.Atende.Bootstrapper.csproj", "{CE702FDF-64F8-4665-B1F3-6ED84EAE7486}"
EndProject
Project("{FAE04EC0-301F-11D3-BF4B-00C04F79EFBC}") = "Copasa.Atende.Model", "Copasa.Atende.Model\Copasa.Atende.Model.csproj", "{0FF5837E-7EF6-4B40-98C6-A62DE6E0C215}"
EndProject
Project("{FAE04EC0-301F-11D3-BF4B-00C04F79EFBC}") = "Copasa.Atende.Util", "Copasa.Atende.Util\Copasa.Atende.Util.csproj", "{16F856C2-22A9-4456-A6A0-A9E911F92408}"
EndProject
Project("{FAE04EC0-301F-11D3-BF4B-00C04F79EFBC}") = "Copasa.Atende.Business", "Copasa.Atende.Business\Copasa.Atende.Business.csproj", "{B984AD46-4681-4068-BB9A-5888C4006448}"
EndProject
Project("{FAE04EC0-301F-11D3-BF4B-00C04F79EFBC}") = "Copasa.Atende.DTO", "Copasa.Atende.DTO\Copasa.Atende.DTO.csproj", "{5F777CFE-44C0-4EA5-86D0-C8ABB02E0423}"
EndProject
Project("{FAE04EC0-301F-11D3-BF4B-00C04F79EFBC}") = "Copasa.Atende.Facade", "Copasa.Atende.Facade\Copasa.Atende.Facade.csproj", "{A3C5E1B3-DA4D-42D3-8F07-F00DB39CEBBD}"
EndProject
Project("{FAE04EC0-301F-11D3-BF4B-00C04F79EFBC}") = "Copasa.Atende.Repository", "Copasa.Atende.Repository\Copasa.Atende.Repository.csproj", "{86BC9D33-5224-4D7D-9A0D-9E9C64578A77}"
EndProject
Project("{FAE04EC0-301F-11D3-BF4B-00C04F79EFBC}") = "Copasa.Atende.WebService", "Copasa.Atende.WebService\Copasa.Atende.WebService.csproj", "{267442BB-3AE9-49A5-AA56-FCAC2796C94C}"
EndProject
Project("{FAE04EC0-301F-11D3-BF4B-00C04F79EFBC}") = "Relatorios", "Relatorios\Relatorios.csproj", "{594F28D7-FB10-4A6B-A86C-C7C347D49A69}"
EndProject
Global
	GlobalSection(SolutionConfigurationPlatforms) = preSolution
		Debug|Any CPU = Debug|Any CPU
		Dev|Any CPU = Dev|Any CPU
		Hml|Any CPU = Hml|Any CPU
		Prd|Any CPU = Prd|Any CPU
		Release|Any CPU = Release|Any CPU
		Tmt|Any CPU = Tmt|Any CPU
	EndGlobalSection
	GlobalSection(ProjectConfigurationPlatforms) = postSolution
		{CE702FDF-64F8-4665-B1F3-6ED84EAE7486}.Debug|Any CPU.ActiveCfg = Debug|Any CPU
		{CE702FDF-64F8-4665-B1F3-6ED84EAE7486}.Debug|Any CPU.Build.0 = Debug|Any CPU
		{CE702FDF-64F8-4665-B1F3-6ED84EAE7486}.Dev|Any CPU.ActiveCfg = Dev|Any CPU
		{CE702FDF-64F8-4665-B1F3-6ED84EAE7486}.Dev|Any CPU.Build.0 = Dev|Any CPU
		{CE702FDF-64F8-4665-B1F3-6ED84EAE7486}.Hml|Any CPU.ActiveCfg = Hml|Any CPU
		{CE702FDF-64F8-4665-B1F3-6ED84EAE7486}.Hml|Any CPU.Build.0 = Hml|Any CPU
		{CE702FDF-64F8-4665-B1F3-6ED84EAE7486}.Prd|Any CPU.ActiveCfg = Prd|Any CPU
		{CE702FDF-64F8-4665-B1F3-6ED84EAE7486}.Prd|Any CPU.Build.0 = Prd|Any CPU
		{CE702FDF-64F8-4665-B1F3-6ED84EAE7486}.Release|Any CPU.ActiveCfg = Release|Any CPU
		{CE702FDF-64F8-4665-B1F3-6ED84EAE7486}.Release|Any CPU.Build.0 = Release|Any CPU
		{CE702FDF-64F8-4665-B1F3-6ED84EAE7486}.Tmt|Any CPU.ActiveCfg = Tmt|Any CPU
		{CE702FDF-64F8-4665-B1F3-6ED84EAE7486}.Tmt|Any CPU.Build.0 = Tmt|Any CPU
		{0FF5837E-7EF6-4B40-98C6-A62DE6E0C215}.Debug|Any CPU.ActiveCfg = Debug|Any CPU
		{0FF5837E-7EF6-4B40-98C6-A62DE6E0C215}.Debug|Any CPU.Build.0 = Debug|Any CPU
		{0FF5837E-7EF6-4B40-98C6-A62DE6E0C215}.Dev|Any CPU.ActiveCfg = Dev|Any CPU
		{0FF5837E-7EF6-4B40-98C6-A62DE6E0C215}.Dev|Any CPU.Build.0 = Dev|Any CPU
		{0FF5837E-7EF6-4B40-98C6-A62DE6E0C215}.Hml|Any CPU.ActiveCfg = Hml|Any CPU
		{0FF5837E-7EF6-4B40-98C6-A62DE6E0C215}.Hml|Any CPU.Build.0 = Hml|Any CPU
		{0FF5837E-7EF6-4B40-98C6-A62DE6E0C215}.Prd|Any CPU.ActiveCfg = Prd|Any CPU
		{0FF5837E-7EF6-4B40-98C6-A62DE6E0C215}.Prd|Any CPU.Build.0 = Prd|Any CPU
		{0FF5837E-7EF6-4B40-98C6-A62DE6E0C215}.Release|Any CPU.ActiveCfg = Release|Any CPU
		{0FF5837E-7EF6-4B40-98C6-A62DE6E0C215}.Release|Any CPU.Build.0 = Release|Any CPU
		{0FF5837E-7EF6-4B40-98C6-A62DE6E0C215}.Tmt|Any CPU.ActiveCfg = Tmt|Any CPU
		{0FF5837E-7EF6-4B40-98C6-A62DE6E0C215}.Tmt|Any CPU.Build.0 = Tmt|Any CPU
		{16F856C2-22A9-4456-A6A0-A9E911F92408}.Debug|Any CPU.ActiveCfg = Debug|Any CPU
		{16F856C2-22A9-4456-A6A0-A9E911F92408}.Debug|Any CPU.Build.0 = Debug|Any CPU
		{16F856C2-22A9-4456-A6A0-A9E911F92408}.Dev|Any CPU.ActiveCfg = Dev|Any CPU
		{16F856C2-22A9-4456-A6A0-A9E911F92408}.Dev|Any CPU.Build.0 = Dev|Any CPU
		{16F856C2-22A9-4456-A6A0-A9E911F92408}.Hml|Any CPU.ActiveCfg = Hml|Any CPU
		{16F856C2-22A9-4456-A6A0-A9E911F92408}.Hml|Any CPU.Build.0 = Hml|Any CPU
		{16F856C2-22A9-4456-A6A0-A9E911F92408}.Prd|Any CPU.ActiveCfg = Prd|Any CPU
		{16F856C2-22A9-4456-A6A0-A9E911F92408}.Prd|Any CPU.Build.0 = Prd|Any CPU
		{16F856C2-22A9-4456-A6A0-A9E911F92408}.Release|Any CPU.ActiveCfg = Release|Any CPU
		{16F856C2-22A9-4456-A6A0-A9E911F92408}.Release|Any CPU.Build.0 = Release|Any CPU
		{16F856C2-22A9-4456-A6A0-A9E911F92408}.Tmt|Any CPU.ActiveCfg = Tmt|Any CPU
		{16F856C2-22A9-4456-A6A0-A9E911F92408}.Tmt|Any CPU.Build.0 = Tmt|Any CPU
		{B984AD46-4681-4068-BB9A-5888C4006448}.Debug|Any CPU.ActiveCfg = Debug|Any CPU
		{B984AD46-4681-4068-BB9A-5888C4006448}.Debug|Any CPU.Build.0 = Debug|Any CPU
		{B984AD46-4681-4068-BB9A-5888C4006448}.Dev|Any CPU.ActiveCfg = Dev|Any CPU
		{B984AD46-4681-4068-BB9A-5888C4006448}.Dev|Any CPU.Build.0 = Dev|Any CPU
		{B984AD46-4681-4068-BB9A-5888C4006448}.Hml|Any CPU.ActiveCfg = Hml|Any CPU
		{B984AD46-4681-4068-BB9A-5888C4006448}.Hml|Any CPU.Build.0 = Hml|Any CPU
		{B984AD46-4681-4068-BB9A-5888C4006448}.Prd|Any CPU.ActiveCfg = Prd|Any CPU
		{B984AD46-4681-4068-BB9A-5888C4006448}.Prd|Any CPU.Build.0 = Prd|Any CPU
		{B984AD46-4681-4068-BB9A-5888C4006448}.Release|Any CPU.ActiveCfg = Release|Any CPU
		{B984AD46-4681-4068-BB9A-5888C4006448}.Release|Any CPU.Build.0 = Release|Any CPU
		{B984AD46-4681-4068-BB9A-5888C4006448}.Tmt|Any CPU.ActiveCfg = Tmt|Any CPU
		{B984AD46-4681-4068-BB9A-5888C4006448}.Tmt|Any CPU.Build.0 = Tmt|Any CPU
		{5F777CFE-44C0-4EA5-86D0-C8ABB02E0423}.Debug|Any CPU.ActiveCfg = Debug|Any CPU
		{5F777CFE-44C0-4EA5-86D0-C8ABB02E0423}.Debug|Any CPU.Build.0 = Debug|Any CPU
		{5F777CFE-44C0-4EA5-86D0-C8ABB02E0423}.Dev|Any CPU.ActiveCfg = Dev|Any CPU
		{5F777CFE-44C0-4EA5-86D0-C8ABB02E0423}.Dev|Any CPU.Build.0 = Dev|Any CPU
		{5F777CFE-44C0-4EA5-86D0-C8ABB02E0423}.Hml|Any CPU.ActiveCfg = Hml|Any CPU
		{5F777CFE-44C0-4EA5-86D0-C8ABB02E0423}.Hml|Any CPU.Build.0 = Hml|Any CPU
		{5F777CFE-44C0-4EA5-86D0-C8ABB02E0423}.Prd|Any CPU.ActiveCfg = Prd|Any CPU
		{5F777CFE-44C0-4EA5-86D0-C8ABB02E0423}.Prd|Any CPU.Build.0 = Prd|Any CPU
		{5F777CFE-44C0-4EA5-86D0-C8ABB02E0423}.Release|Any CPU.ActiveCfg = Release|Any CPU
		{5F777CFE-44C0-4EA5-86D0-C8ABB02E0423}.Release|Any CPU.Build.0 = Release|Any CPU
		{5F777CFE-44C0-4EA5-86D0-C8ABB02E0423}.Tmt|Any CPU.ActiveCfg = Tmt|Any CPU
		{5F777CFE-44C0-4EA5-86D0-C8ABB02E0423}.Tmt|Any CPU.Build.0 = Tmt|Any CPU
		{A3C5E1B3-DA4D-42D3-8F07-F00DB39CEBBD}.Debug|Any CPU.ActiveCfg = Debug|Any CPU
		{A3C5E1B3-DA4D-42D3-8F07-F00DB39CEBBD}.Debug|Any CPU.Build.0 = Debug|Any CPU
		{A3C5E1B3-DA4D-42D3-8F07-F00DB39CEBBD}.Dev|Any CPU.ActiveCfg = Dev|Any CPU
		{A3C5E1B3-DA4D-42D3-8F07-F00DB39CEBBD}.Dev|Any CPU.Build.0 = Dev|Any CPU
		{A3C5E1B3-DA4D-42D3-8F07-F00DB39CEBBD}.Hml|Any CPU.ActiveCfg = Hml|Any CPU
		{A3C5E1B3-DA4D-42D3-8F07-F00DB39CEBBD}.Hml|Any CPU.Build.0 = Hml|Any CPU
		{A3C5E1B3-DA4D-42D3-8F07-F00DB39CEBBD}.Prd|Any CPU.ActiveCfg = Prd|Any CPU
		{A3C5E1B3-DA4D-42D3-8F07-F00DB39CEBBD}.Prd|Any CPU.Build.0 = Prd|Any CPU
		{A3C5E1B3-DA4D-42D3-8F07-F00DB39CEBBD}.Release|Any CPU.ActiveCfg = Release|Any CPU
		{A3C5E1B3-DA4D-42D3-8F07-F00DB39CEBBD}.Release|Any CPU.Build.0 = Release|Any CPU
		{A3C5E1B3-DA4D-42D3-8F07-F00DB39CEBBD}.Tmt|Any CPU.ActiveCfg = Tmt|Any CPU
		{A3C5E1B3-DA4D-42D3-8F07-F00DB39CEBBD}.Tmt|Any CPU.Build.0 = Tmt|Any CPU
		{86BC9D33-5224-4D7D-9A0D-9E9C64578A77}.Debug|Any CPU.ActiveCfg = Debug|Any CPU
		{86BC9D33-5224-4D7D-9A0D-9E9C64578A77}.Debug|Any CPU.Build.0 = Debug|Any CPU
		{86BC9D33-5224-4D7D-9A0D-9E9C64578A77}.Dev|Any CPU.ActiveCfg = Dev|Any CPU
		{86BC9D33-5224-4D7D-9A0D-9E9C64578A77}.Dev|Any CPU.Build.0 = Dev|Any CPU
		{86BC9D33-5224-4D7D-9A0D-9E9C64578A77}.Hml|Any CPU.ActiveCfg = Hml|Any CPU
		{86BC9D33-5224-4D7D-9A0D-9E9C64578A77}.Hml|Any CPU.Build.0 = Hml|Any CPU
		{86BC9D33-5224-4D7D-9A0D-9E9C64578A77}.Prd|Any CPU.ActiveCfg = Prd|Any CPU
		{86BC9D33-5224-4D7D-9A0D-9E9C64578A77}.Prd|Any CPU.Build.0 = Prd|Any CPU
		{86BC9D33-5224-4D7D-9A0D-9E9C64578A77}.Release|Any CPU.ActiveCfg = Release|Any CPU
		{86BC9D33-5224-4D7D-9A0D-9E9C64578A77}.Release|Any CPU.Build.0 = Release|Any CPU
		{86BC9D33-5224-4D7D-9A0D-9E9C64578A77}.Tmt|Any CPU.ActiveCfg = Tmt|Any CPU
		{86BC9D33-5224-4D7D-9A0D-9E9C64578A77}.Tmt|Any CPU.Build.0 = Tmt|Any CPU
		{267442BB-3AE9-49A5-AA56-FCAC2796C94C}.Debug|Any CPU.ActiveCfg = Debug|Any CPU
		{267442BB-3AE9-49A5-AA56-FCAC2796C94C}.Debug|Any CPU.Build.0 = Debug|Any CPU
		{267442BB-3AE9-49A5-AA56-FCAC2796C94C}.Dev|Any CPU.ActiveCfg = Dev|Any CPU
		{267442BB-3AE9-49A5-AA56-FCAC2796C94C}.Dev|Any CPU.Build.0 = Dev|Any CPU
		{267442BB-3AE9-49A5-AA56-FCAC2796C94C}.Hml|Any CPU.ActiveCfg = Hml|Any CPU
		{267442BB-3AE9-49A5-AA56-FCAC2796C94C}.Hml|Any CPU.Build.0 = Hml|Any CPU
		{267442BB-3AE9-49A5-AA56-FCAC2796C94C}.Prd|Any CPU.ActiveCfg = Prd|Any CPU
		{267442BB-3AE9-49A5-AA56-FCAC2796C94C}.Prd|Any CPU.Build.0 = Prd|Any CPU
		{267442BB-3AE9-49A5-AA56-FCAC2796C94C}.Release|Any CPU.ActiveCfg = Release|Any CPU
		{267442BB-3AE9-49A5-AA56-FCAC2796C94C}.Release|Any CPU.Build.0 = Release|Any CPU
		{267442BB-3AE9-49A5-AA56-FCAC2796C94C}.Tmt|Any CPU.ActiveCfg = Tmt|Any CPU
		{267442BB-3AE9-49A5-AA56-FCAC2796C94C}.Tmt|Any CPU.Build.0 = Tmt|Any CPU
		{594F28D7-FB10-4A6B-A86C-C7C347D49A69}.Debug|Any CPU.ActiveCfg = Debug|Any CPU
		{594F28D7-FB10-4A6B-A86C-C7C347D49A69}.Debug|Any CPU.Build.0 = Debug|Any CPU
		{594F28D7-FB10-4A6B-A86C-C7C347D49A69}.Dev|Any CPU.ActiveCfg = Debug|Any CPU
		{594F28D7-FB10-4A6B-A86C-C7C347D49A69}.Dev|Any CPU.Build.0 = Debug|Any CPU
		{594F28D7-FB10-4A6B-A86C-C7C347D49A69}.Hml|Any CPU.ActiveCfg = Release|Any CPU
		{594F28D7-FB10-4A6B-A86C-C7C347D49A69}.Hml|Any CPU.Build.0 = Release|Any CPU
		{594F28D7-FB10-4A6B-A86C-C7C347D49A69}.Prd|Any CPU.ActiveCfg = Release|Any CPU
		{594F28D7-FB10-4A6B-A86C-C7C347D49A69}.Prd|Any CPU.Build.0 = Release|Any CPU
		{594F28D7-FB10-4A6B-A86C-C7C347D49A69}.Release|Any CPU.ActiveCfg = Release|Any CPU
		{594F28D7-FB10-4A6B-A86C-C7C347D49A69}.Release|Any CPU.Build.0 = Release|Any CPU
		{594F28D7-FB10-4A6B-A86C-C7C347D49A69}.Tmt|Any CPU.ActiveCfg = Release|Any CPU
		{594F28D7-FB10-4A6B-A86C-C7C347D49A69}.Tmt|Any CPU.Build.0 = Release|Any CPU
	EndGlobalSection
	GlobalSection(SolutionProperties) = preSolution
		HideSolutionNode = FALSE
	EndGlobalSection
	GlobalSection(ExtensibilityGlobals) = postSolution
		SolutionGuid = {094D6B7C-908C-4978-8510-64C525E4612D}
	EndGlobalSection
EndGlobal
